// !$*UTF8*$!
{
	archiveVersion = 1;
	classes = {
	};
	objectVersion = 55;
	objects = {

/* Begin PBXBuildFile section */
		852F0C74286B4D5C00EB1091 /* AppDelegate.swift in Sources */ = {isa = PBXBuildFile; fileRef = 852F0C73286B4D5C00EB1091 /* AppDelegate.swift */; };
		852F0C76286B4D5C00EB1091 /* SceneDelegate.swift in Sources */ = {isa = PBXBuildFile; fileRef = 852F0C75286B4D5C00EB1091 /* SceneDelegate.swift */; };
		852F0C7B286B4D5C00EB1091 /* Main.storyboard in Resources */ = {isa = PBXBuildFile; fileRef = 852F0C79286B4D5C00EB1091 /* Main.storyboard */; };
		852F0C7E286B4D5C00EB1091 /* ToDo_List.xcdatamodeld in Sources */ = {isa = PBXBuildFile; fileRef = 852F0C7C286B4D5C00EB1091 /* ToDo_List.xcdatamodeld */; };
		852F0C80286B4D5F00EB1091 /* Assets.xcassets in Resources */ = {isa = PBXBuildFile; fileRef = 852F0C7F286B4D5F00EB1091 /* Assets.xcassets */; };
		852F0C83286B4D5F00EB1091 /* LaunchScreen.storyboard in Resources */ = {isa = PBXBuildFile; fileRef = 852F0C81286B4D5F00EB1091 /* LaunchScreen.storyboard */; };
		852F0C8E286B4D5F00EB1091 /* ToDo_ListTests.swift in Sources */ = {isa = PBXBuildFile; fileRef = 852F0C8D286B4D5F00EB1091 /* ToDo_ListTests.swift */; };
		852F0C98286B4D5F00EB1091 /* ToDo_ListUITests.swift in Sources */ = {isa = PBXBuildFile; fileRef = 852F0C97286B4D5F00EB1091 /* ToDo_ListUITests.swift */; };
		852F0C9A286B4D5F00EB1091 /* ToDo_ListUITestsLaunchTests.swift in Sources */ = {isa = PBXBuildFile; fileRef = 852F0C99286B4D5F00EB1091 /* ToDo_ListUITestsLaunchTests.swift */; };
		852F0CA7286B4EF200EB1091 /* ToDoTableViewController.swift in Sources */ = {isa = PBXBuildFile; fileRef = 852F0CA6286B4EF200EB1091 /* ToDoTableViewController.swift */; };
		852F0CA9286B4F5900EB1091 /* ToDo.swift in Sources */ = {isa = PBXBuildFile; fileRef = 852F0CA8286B4F5900EB1091 /* ToDo.swift */; };
/* End PBXBuildFile section */

/* Begin PBXContainerItemProxy section */
		852F0C8A286B4D5F00EB1091 /* PBXContainerItemProxy */ = {
			isa = PBXContainerItemProxy;
			containerPortal = 852F0C68286B4D5C00EB1091 /* Project object */;
			proxyType = 1;
			remoteGlobalIDString = 852F0C6F286B4D5C00EB1091;
			remoteInfo = "ToDo List";
		};
		852F0C94286B4D5F00EB1091 /* PBXContainerItemProxy */ = {
			isa = PBXContainerItemProxy;
			containerPortal = 852F0C68286B4D5C00EB1091 /* Project object */;
			proxyType = 1;
			remoteGlobalIDString = 852F0C6F286B4D5C00EB1091;
			remoteInfo = "ToDo List";
		};
/* End PBXContainerItemProxy section */

/* Begin PBXFileReference section */
		852F0C70286B4D5C00EB1091 /* ToDo List.app */ = {isa = PBXFileReference; explicitFileType = wrapper.application; includeInIndex = 0; path = "ToDo List.app"; sourceTree = BUILT_PRODUCTS_DIR; };
		852F0C73286B4D5C00EB1091 /* AppDelegate.swift */ = {isa = PBXFileReference; lastKnownFileType = sourcecode.swift; path = AppDelegate.swift; sourceTree = "<group>"; };
		852F0C75286B4D5C00EB1091 /* SceneDelegate.swift */ = {isa = PBXFileReference; lastKnownFileType = sourcecode.swift; path = SceneDelegate.swift; sourceTree = "<group>"; };
		852F0C7A286B4D5C00EB1091 /* Base */ = {isa = PBXFileReference; lastKnownFileType = file.storyboard; name = Base; path = Base.lproj/Main.storyboard; sourceTree = "<group>"; };
		852F0C7D286B4D5C00EB1091 /* ToDo_List.xcdatamodel */ = {isa = PBXFileReference; lastKnownFileType = wrapper.xcdatamodel; path = ToDo_List.xcdatamodel; sourceTree = "<group>"; };
		852F0C7F286B4D5F00EB1091 /* Assets.xcassets */ = {isa = PBXFileReference; lastKnownFileType = folder.assetcatalog; path = Assets.xcassets; sourceTree = "<group>"; };
		852F0C82286B4D5F00EB1091 /* Base */ = {isa = PBXFileReference; lastKnownFileType = file.storyboard; name = Base; path = Base.lproj/LaunchScreen.storyboard; sourceTree = "<group>"; };
		852F0C84286B4D5F00EB1091 /* Info.plist */ = {isa = PBXFileReference; lastKnownFileType = text.plist.xml; path = Info.plist; sourceTree = "<group>"; };
		852F0C89286B4D5F00EB1091 /* ToDo ListTests.xctest */ = {isa = PBXFileReference; explicitFileType = wrapper.cfbundle; includeInIndex = 0; path = "ToDo ListTests.xctest"; sourceTree = BUILT_PRODUCTS_DIR; };
		852F0C8D286B4D5F00EB1091 /* ToDo_ListTests.swift */ = {isa = PBXFileReference; lastKnownFileType = sourcecode.swift; path = ToDo_ListTests.swift; sourceTree = "<group>"; };
		852F0C93286B4D5F00EB1091 /* ToDo ListUITests.xctest */ = {isa = PBXFileReference; explicitFileType = wrapper.cfbundle; includeInIndex = 0; path = "ToDo ListUITests.xctest"; sourceTree = BUILT_PRODUCTS_DIR; };
		852F0C97286B4D5F00EB1091 /* ToDo_ListUITests.swift */ = {isa = PBXFileReference; lastKnownFileType = sourcecode.swift; path = ToDo_ListUITests.swift; sourceTree = "<group>"; };
		852F0C99286B4D5F00EB1091 /* ToDo_ListUITestsLaunchTests.swift */ = {isa = PBXFileReference; lastKnownFileType = sourcecode.swift; path = ToDo_ListUITestsLaunchTests.swift; sourceTree = "<group>"; };
		852F0CA6286B4EF200EB1091 /* ToDoTableViewController.swift */ = {isa = PBXFileReference; lastKnownFileType = sourcecode.swift; path = ToDoTableViewController.swift; sourceTree = "<group>"; };
		852F0CA8286B4F5900EB1091 /* ToDo.swift */ = {isa = PBXFileReference; lastKnownFileType = sourcecode.swift; path = ToDo.swift; sourceTree = "<group>"; };
/* End PBXFileReference section */

/* Begin PBXFrameworksBuildPhase section */
		852F0C6D286B4D5C00EB1091 /* Frameworks */ = {
			isa = PBXFrameworksBuildPhase;
			buildActionMask = 2147483647;
			files = (
			);
			runOnlyForDeploymentPostprocessing = 0;
		};
		852F0C86286B4D5F00EB1091 /* Frameworks */ = {
			isa = PBXFrameworksBuildPhase;
			buildActionMask = 2147483647;
			files = (
			);
			runOnlyForDeploymentPostprocessing = 0;
		};
		852F0C90286B4D5F00EB1091 /* Frameworks */ = {
			isa = PBXFrameworksBuildPhase;
			buildActionMask = 2147483647;
			files = (
			);
			runOnlyForDeploymentPostprocessing = 0;
		};
/* End PBXFrameworksBuildPhase section */

/* Begin PBXGroup section */
		852F0C67286B4D5C00EB1091 = {
			isa = PBXGroup;
			children = (
				852F0C72286B4D5C00EB1091 /* ToDo List */,
				852F0C8C286B4D5F00EB1091 /* ToDo ListTests */,
				852F0C96286B4D5F00EB1091 /* ToDo ListUITests */,
				852F0C71286B4D5C00EB1091 /* Products */,
			);
			sourceTree = "<group>";
		};
		852F0C71286B4D5C00EB1091 /* Products */ = {
			isa = PBXGroup;
			children = (
				852F0C70286B4D5C00EB1091 /* ToDo List.app */,
				852F0C89286B4D5F00EB1091 /* ToDo ListTests.xctest */,
				852F0C93286B4D5F00EB1091 /* ToDo ListUITests.xctest */,
			);
			name = Products;
			sourceTree = "<group>";
		};
		852F0C72286B4D5C00EB1091 /* ToDo List */ = {
			isa = PBXGroup;
			children = (
				852F0C73286B4D5C00EB1091 /* AppDelegate.swift */,
				852F0C75286B4D5C00EB1091 /* SceneDelegate.swift */,
				852F0C79286B4D5C00EB1091 /* Main.storyboard */,
				852F0CA8286B4F5900EB1091 /* ToDo.swift */,
				852F0CA6286B4EF200EB1091 /* ToDoTableViewController.swift */,
				852F0C7F286B4D5F00EB1091 /* Assets.xcassets */,
				852F0C81286B4D5F00EB1091 /* LaunchScreen.storyboard */,
				852F0C84286B4D5F00EB1091 /* Info.plist */,
				852F0C7C286B4D5C00EB1091 /* ToDo_List.xcdatamodeld */,
			);
			path = "ToDo List";
			sourceTree = "<group>";
		};
		852F0C8C286B4D5F00EB1091 /* ToDo ListTests */ = {
			isa = PBXGroup;
			children = (
				852F0C8D286B4D5F00EB1091 /* ToDo_ListTests.swift */,
			);
			path = "ToDo ListTests";
			sourceTree = "<group>";
		};
		852F0C96286B4D5F00EB1091 /* ToDo ListUITests */ = {
			isa = PBXGroup;
			children = (
				852F0C97286B4D5F00EB1091 /* ToDo_ListUITests.swift */,
				852F0C99286B4D5F00EB1091 /* ToDo_ListUITestsLaunchTests.swift */,
			);
			path = "ToDo ListUITests";
			sourceTree = "<group>";
		};
/* End PBXGroup section */

/* Begin PBXNativeTarget section */
		852F0C6F286B4D5C00EB1091 /* ToDo List */ = {
			isa = PBXNativeTarget;
			buildConfigurationList = 852F0C9D286B4D5F00EB1091 /* Build configuration list for PBXNativeTarget "ToDo List" */;
			buildPhases = (
				852F0C6C286B4D5C00EB1091 /* Sources */,
				852F0C6D286B4D5C00EB1091 /* Frameworks */,
				852F0C6E286B4D5C00EB1091 /* Resources */,
			);
			buildRules = (
			);
			dependencies = (
			);
			name = "ToDo List";
			productName = "ToDo List";
			productReference = 852F0C70286B4D5C00EB1091 /* ToDo List.app */;
			productType = "com.apple.product-type.application";
		};
		852F0C88286B4D5F00EB1091 /* ToDo ListTests */ = {
			isa = PBXNativeTarget;
			buildConfigurationList = 852F0CA0286B4D5F00EB1091 /* Build configuration list for PBXNativeTarget "ToDo ListTests" */;
			buildPhases = (
				852F0C85286B4D5F00EB1091 /* Sources */,
				852F0C86286B4D5F00EB1091 /* Frameworks */,
				852F0C87286B4D5F00EB1091 /* Resources */,
			);
			buildRules = (
			);
			dependencies = (
				852F0C8B286B4D5F00EB1091 /* PBXTargetDependency */,
			);
			name = "ToDo ListTests";
			productName = "ToDo ListTests";
			productReference = 852F0C89286B4D5F00EB1091 /* ToDo ListTests.xctest */;
			productType = "com.apple.product-type.bundle.unit-test";
		};
		852F0C92286B4D5F00EB1091 /* ToDo ListUITests */ = {
			isa = PBXNativeTarget;
			buildConfigurationList = 852F0CA3286B4D5F00EB1091 /* Build configuration list for PBXNativeTarget "ToDo ListUITests" */;
			buildPhases = (
				852F0C8F286B4D5F00EB1091 /* Sources */,
				852F0C90286B4D5F00EB1091 /* Frameworks */,
				852F0C91286B4D5F00EB1091 /* Resources */,
			);
			buildRules = (
			);
			dependencies = (
				852F0C95286B4D5F00EB1091 /* PBXTargetDependency */,
			);
			name = "ToDo ListUITests";
			productName = "ToDo ListUITests";
			productReference = 852F0C93286B4D5F00EB1091 /* ToDo ListUITests.xctest */;
			productType = "com.apple.product-type.bundle.ui-testing";
		};
/* End PBXNativeTarget section */

/* Begin PBXProject section */
		852F0C68286B4D5C00EB1091 /* Project object */ = {
			isa = PBXProject;
			attributes = {
				BuildIndependentTargetsInParallel = 1;
				LastSwiftUpdateCheck = 1340;
				LastUpgradeCheck = 1340;
				TargetAttributes = {
					852F0C6F286B4D5C00EB1091 = {
						CreatedOnToolsVersion = 13.4.1;
					};
					852F0C88286B4D5F00EB1091 = {
						CreatedOnToolsVersion = 13.4.1;
						TestTargetID = 852F0C6F286B4D5C00EB1091;
					};
					852F0C92286B4D5F00EB1091 = {
						CreatedOnToolsVersion = 13.4.1;
						TestTargetID = 852F0C6F286B4D5C00EB1091;
					};
				};
			};
			buildConfigurationList = 852F0C6B286B4D5C00EB1091 /* Build configuration list for PBXProject "ToDo List" */;
			compatibilityVersion = "Xcode 13.0";
			developmentRegion = en;
			hasScannedForEncodings = 0;
			knownRegions = (
				en,
				Base,
			);
			mainGroup = 852F0C67286B4D5C00EB1091;
			productRefGroup = 852F0C71286B4D5C00EB1091 /* Products */;
			projectDirPath = "";
			projectRoot = "";
			targets = (
				852F0C6F286B4D5C00EB1091 /* ToDo List */,
				852F0C88286B4D5F00EB1091 /* ToDo ListTests */,
				852F0C92286B4D5F00EB1091 /* ToDo ListUITests */,
			);
		};
/* End PBXProject section */

/* Begin PBXResourcesBuildPhase section */
		852F0C6E286B4D5C00EB1091 /* Resources */ = {
			isa = PBXResourcesBuildPhase;
			buildActionMask = 2147483647;
			files = (
				852F0C83286B4D5F00EB1091 /* LaunchScreen.storyboard in Resources */,
				852F0C80286B4D5F00EB1091 /* Assets.xcassets in Resources */,
				852F0C7B286B4D5C00EB1091 /* Main.storyboard in Resources */,
			);
			runOnlyForDeploymentPostprocessing = 0;
		};
		852F0C87286B4D5F00EB1091 /* Resources */ = {
			isa = PBXResourcesBuildPhase;
			buildActionMask = 2147483647;
			files = (
			);
			runOnlyForDeploymentPostprocessing = 0;
		};
		852F0C91286B4D5F00EB1091 /* Resources */ = {
			isa = PBXResourcesBuildPhase;
			buildActionMask = 2147483647;
			files = (
			);
			runOnlyForDeploymentPostprocessing = 0;
		};
/* End PBXResourcesBuildPhase section */

/* Begin PBXSourcesBuildPhase section */
		852F0C6C286B4D5C00EB1091 /* Sources */ = {
			isa = PBXSourcesBuildPhase;
			buildActionMask = 2147483647;
			files = (
				852F0C74286B4D5C00EB1091 /* AppDelegate.swift in Sources */,
				852F0CA9286B4F5900EB1091 /* ToDo.swift in Sources */,
				852F0CA7286B4EF200EB1091 /* ToDoTableViewController.swift in Sources */,
				852F0C76286B4D5C00EB1091 /* SceneDelegate.swift in Sources */,
				852F0C7E286B4D5C00EB1091 /* ToDo_List.xcdatamodeld in Sources */,
			);
			runOnlyForDeploymentPostprocessing = 0;
		};
		852F0C85286B4D5F00EB1091 /* Sources */ = {
			isa = PBXSourcesBuildPhase;
			buildActionMask = 2147483647;
			files = (
				852F0C8E286B4D5F00EB1091 /* ToDo_ListTests.swift in Sources */,
			);
			runOnlyForDeploymentPostprocessing = 0;
		};
		852F0C8F286B4D5F00EB1091 /* Sources */ = {
			isa = PBXSourcesBuildPhase;
			buildActionMask = 2147483647;
			files = (
				852F0C9A286B4D5F00EB1091 /* ToDo_ListUITestsLaunchTests.swift in Sources */,
				852F0C98286B4D5F00EB1091 /* ToDo_ListUITests.swift in Sources */,
			);
			runOnlyForDeploymentPostprocessing = 0;
		};
/* End PBXSourcesBuildPhase section */

/* Begin PBXTargetDependency section */
		852F0C8B286B4D5F00EB1091 /* PBXTargetDependency */ = {
			isa = PBXTargetDependency;
			target = 852F0C6F286B4D5C00EB1091 /* ToDo List */;
			targetProxy = 852F0C8A286B4D5F00EB1091 /* PBXContainerItemProxy */;
		};
		852F0C95286B4D5F00EB1091 /* PBXTargetDependency */ = {
			isa = PBXTargetDependency;
			target = 852F0C6F286B4D5C00EB1091 /* ToDo List */;
			targetProxy = 852F0C94286B4D5F00EB1091 /* PBXContainerItemProxy */;
		};
/* End PBXTargetDependency section */

/* Begin PBXVariantGroup section */
		852F0C79286B4D5C00EB1091 /* Main.storyboard */ = {
			isa = PBXVariantGroup;
			children = (
				852F0C7A286B4D5C00EB1091 /* Base */,
			);
			name = Main.storyboard;
			sourceTree = "<group>";
		};
		852F0C81286B4D5F00EB1091 /* LaunchScreen.storyboard */ = {
			isa = PBXVariantGroup;
			children = (
				852F0C82286B4D5F00EB1091 /* Base */,
			);
			name = LaunchScreen.storyboard;
			sourceTree = "<group>";
		};
/* End PBXVariantGroup section */

/* Begin XCBuildConfiguration section */
		852F0C9B286B4D5F00EB1091 /* Debug */ = {
			isa = XCBuildConfiguration;
			buildSettings = {
				ALWAYS_SEARCH_USER_PATHS = NO;
				CLANG_ANALYZER_NONNULL = YES;
				CLANG_ANALYZER_NUMBER_OBJECT_CONVERSION = YES_AGGRESSIVE;
				CLANG_CXX_LANGUAGE_STANDARD = "gnu++17";
				CLANG_ENABLE_MODULES = YES;
				CLANG_ENABLE_OBJC_ARC = YES;
				CLANG_ENABLE_OBJC_WEAK = YES;
				CLANG_WARN_BLOCK_CAPTURE_AUTORELEASING = YES;
				CLANG_WARN_BOOL_CONVERSION = YES;
				CLANG_WARN_COMMA = YES;
				CLANG_WARN_CONSTANT_CONVERSION = YES;
				CLANG_WARN_DEPRECATED_OBJC_IMPLEMENTATIONS = YES;
				CLANG_WARN_DIRECT_OBJC_ISA_USAGE = YES_ERROR;
				CLANG_WARN_DOCUMENTATION_COMMENTS = YES;
				CLANG_WARN_EMPTY_BODY = YES;
				CLANG_WARN_ENUM_CONVERSION = YES;
				CLANG_WARN_INFINITE_RECURSION = YES;
				CLANG_WARN_INT_CONVERSION = YES;
				CLANG_WARN_NON_LITERAL_NULL_CONVERSION = YES;
				CLANG_WARN_OBJC_IMPLICIT_RETAIN_SELF = YES;
				CLANG_WARN_OBJC_LITERAL_CONVERSION = YES;
				CLANG_WARN_OBJC_ROOT_CLASS = YES_ERROR;
				CLANG_WARN_QUOTED_INCLUDE_IN_FRAMEWORK_HEADER = YES;
				CLANG_WARN_RANGE_LOOP_ANALYSIS = YES;
				CLANG_WARN_STRICT_PROTOTYPES = YES;
				CLANG_WARN_SUSPICIOUS_MOVE = YES;
				CLANG_WARN_UNGUARDED_AVAILABILITY = YES_AGGRESSIVE;
				CLANG_WARN_UNREACHABLE_CODE = YES;
				CLANG_WARN__DUPLICATE_METHOD_MATCH = YES;
				COPY_PHASE_STRIP = NO;
				DEBUG_INFORMATION_FORMAT = dwarf;
				ENABLE_STRICT_OBJC_MSGSEND = YES;
				ENABLE_TESTABILITY = YES;
				GCC_C_LANGUAGE_STANDARD = gnu11;
				GCC_DYNAMIC_NO_PIC = NO;
				GCC_NO_COMMON_BLOCKS = YES;
				GCC_OPTIMIZATION_LEVEL = 0;
				GCC_PREPROCESSOR_DEFINITIONS = (
					"DEBUG=1",
					"$(inherited)",
				);
				GCC_WARN_64_TO_32_BIT_CONVERSION = YES;
				GCC_WARN_ABOUT_RETURN_TYPE = YES_ERROR;
				GCC_WARN_UNDECLARED_SELECTOR = YES;
				GCC_WARN_UNINITIALIZED_AUTOS = YES_AGGRESSIVE;
				GCC_WARN_UNUSED_FUNCTION = YES;
				GCC_WARN_UNUSED_VARIABLE = YES;
				IPHONEOS_DEPLOYMENT_TARGET = 15.5;
				MTL_ENABLE_DEBUG_INFO = INCLUDE_SOURCE;
				MTL_FAST_MATH = YES;
				ONLY_ACTIVE_ARCH = YES;
				SDKROOT = iphoneos;
				SWIFT_ACTIVE_COMPILATION_CONDITIONS = DEBUG;
				SWIFT_OPTIMIZATION_LEVEL = "-Onone";
			};
			name = Debug;
		};
		852F0C9C286B4D5F00EB1091 /* Release */ = {
			isa = XCBuildConfiguration;
			buildSettings = {
				ALWAYS_SEARCH_USER_PATHS = NO;
				CLANG_ANALYZER_NONNULL = YES;
				CLANG_ANALYZER_NUMBER_OBJECT_CONVERSION = YES_AGGRESSIVE;
				CLANG_CXX_LANGUAGE_STANDARD = "gnu++17";
				CLANG_ENABLE_MODULES = YES;
				CLANG_ENABLE_OBJC_ARC = YES;
				CLANG_ENABLE_OBJC_WEAK = YES;
				CLANG_WARN_BLOCK_CAPTURE_AUTORELEASING = YES;
				CLANG_WARN_BOOL_CONVERSION = YES;
				CLANG_WARN_COMMA = YES;
				CLANG_WARN_CONSTANT_CONVERSION = YES;
				CLANG_WARN_DEPRECATED_OBJC_IMPLEMENTATIONS = YES;
				CLANG_WARN_DIRECT_OBJC_ISA_USAGE = YES_ERROR;
				CLANG_WARN_DOCUMENTATION_COMMENTS = YES;
				CLANG_WARN_EMPTY_BODY = YES;
				CLANG_WARN_ENUM_CONVERSION = YES;
				CLANG_WARN_INFINITE_RECURSION = YES;
				CLANG_WARN_INT_CONVERSION = YES;
				CLANG_WARN_NON_LITERAL_NULL_CONVERSION = YES;
				CLANG_WARN_OBJC_IMPLICIT_RETAIN_SELF = YES;
				CLANG_WARN_OBJC_LITERAL_CONVERSION = YES;
				CLANG_WARN_OBJC_ROOT_CLASS = YES_ERROR;
				CLANG_WARN_QUOTED_INCLUDE_IN_FRAMEWORK_HEADER = YES;
				CLANG_WARN_RANGE_LOOP_ANALYSIS = YES;
				CLANG_WARN_STRICT_PROTOTYPES = YES;
				CLANG_WARN_SUSPICIOUS_MOVE = YES;
				CLANG_WARN_UNGUARDED_AVAILABILITY = YES_AGGRESSIVE;
				CLANG_WARN_UNREACHABLE_CODE = YES;
				CLANG_WARN__DUPLICATE_METHOD_MATCH = YES;
				COPY_PHASE_STRIP = NO;
				DEBUG_INFORMATION_FORMAT = "dwarf-with-dsym";
				ENABLE_NS_ASSERTIONS = NO;
				ENABLE_STRICT_OBJC_MSGSEND = YES;
				GCC_C_LANGUAGE_STANDARD = gnu11;
				GCC_NO_COMMON_BLOCKS = YES;
				GCC_WARN_64_TO_32_BIT_CONVERSION = YES;
				GCC_WARN_ABOUT_RETURN_TYPE = YES_ERROR;
				GCC_WARN_UNDECLARED_SELECTOR = YES;
				GCC_WARN_UNINITIALIZED_AUTOS = YES_AGGRESSIVE;
				GCC_WARN_UNUSED_FUNCTION = YES;
				GCC_WARN_UNUSED_VARIABLE = YES;
				IPHONEOS_DEPLOYMENT_TARGET = 15.5;
				MTL_ENABLE_DEBUG_INFO = NO;
				MTL_FAST_MATH = YES;
				SDKROOT = iphoneos;
				SWIFT_COMPILATION_MODE = wholemodule;
				SWIFT_OPTIMIZATION_LEVEL = "-O";
				VALIDATE_PRODUCT = YES;
			};
			name = Release;
		};
		852F0C9E286B4D5F00EB1091 /* Debug */ = {
			isa = XCBuildConfiguration;
			buildSettings = {
				ASSETCATALOG_COMPILER_APPICON_NAME = AppIcon;
				ASSETCATALOG_COMPILER_GLOBAL_ACCENT_COLOR_NAME = AccentColor;
				CODE_SIGN_STYLE = Automatic;
				CURRENT_PROJECT_VERSION = 1;
				GENERATE_INFOPLIST_FILE = YES;
				INFOPLIST_FILE = "ToDo List/Info.plist";
				INFOPLIST_KEY_UIApplicationSupportsIndirectInputEvents = YES;
				INFOPLIST_KEY_UILaunchStoryboardName = LaunchScreen;
				INFOPLIST_KEY_UIMainStoryboardFile = Main;
				INFOPLIST_KEY_UISupportedInterfaceOrientations_iPad = "UIInterfaceOrientationPortrait UIInterfaceOrientationPortraitUpsideDown UIInterfaceOrientationLandscapeLeft UIInterfaceOrientationLandscapeRight";
				INFOPLIST_KEY_UISupportedInterfaceOrientations_iPhone = "UIInterfaceOrientationPortrait UIInterfaceOrientationLandscapeLeft UIInterfaceOrientationLandscapeRight";
				LD_RUNPATH_SEARCH_PATHS = (
					"$(inherited)",
					"@executable_path/Frameworks",
				);
				MARKETING_VERSION = 1.0;
				PRODUCT_BUNDLE_IDENTIFIER = "kwk.ToDo-List";
				PRODUCT_NAME = "$(TARGET_NAME)";
				SWIFT_EMIT_LOC_STRINGS = YES;
				SWIFT_VERSION = 5.0;
				TARGETED_DEVICE_FAMILY = "1,2";
			};
			name = Debug;
		};
		852F0C9F286B4D5F00EB1091 /* Release */ = {
			isa = XCBuildConfiguration;
			buildSettings = {
				ASSETCATALOG_COMPILER_APPICON_NAME = AppIcon;
				ASSETCATALOG_COMPILER_GLOBAL_ACCENT_COLOR_NAME = AccentColor;
				CODE_SIGN_STYLE = Automatic;
				CURRENT_PROJECT_VERSION = 1;
				GENERATE_INFOPLIST_FILE = YES;
				INFOPLIST_FILE = "ToDo List/Info.plist";
				INFOPLIST_KEY_UIApplicationSupportsIndirectInputEvents = YES;
				INFOPLIST_KEY_UILaunchStoryboardName = LaunchScreen;
				INFOPLIST_KEY_UIMainStoryboardFile = Main;
				INFOPLIST_KEY_UISupportedInterfaceOrientations_iPad = "UIInterfaceOrientationPortrait UIInterfaceOrientationPortraitUpsideDown UIInterfaceOrientationLandscapeLeft UIInterfaceOrientationLandscapeRight";
				INFOPLIST_KEY_UISupportedInterfaceOrientations_iPhone = "UIInterfaceOrientationPortrait UIInterfaceOrientationLandscapeLeft UIInterfaceOrientationLandscapeRight";
				LD_RUNPATH_SEARCH_PATHS = (
					"$(inherited)",
					"@executable_path/Frameworks",
				);
				MARKETING_VERSION = 1.0;
				PRODUCT_BUNDLE_IDENTIFIER = "kwk.ToDo-List";
				PRODUCT_NAME = "$(TARGET_NAME)";
				SWIFT_EMIT_LOC_STRINGS = YES;
				SWIFT_VERSION = 5.0;
				TARGETED_DEVICE_FAMILY = "1,2";
			};
			name = Release;
		};
		852F0CA1286B4D5F00EB1091 /* Debug */ = {
			isa = XCBuildConfiguration;
			buildSettings = {
				ALWAYS_EMBED_SWIFT_STANDARD_LIBRARIES = YES;
				BUNDLE_LOADER = "$(TEST_HOST)";
				CODE_SIGN_STYLE = Automatic;
				CURRENT_PROJECT_VERSION = 1;
				GENERATE_INFOPLIST_FILE = YES;
				IPHONEOS_DEPLOYMENT_TARGET = 15.5;
				MARKETING_VERSION = 1.0;
				PRODUCT_BUNDLE_IDENTIFIER = "kwk.ToDo-ListTests";
				PRODUCT_NAME = "$(TARGET_NAME)";
				SWIFT_EMIT_LOC_STRINGS = NO;
				SWIFT_VERSION = 5.0;
				TARGETED_DEVICE_FAMILY = "1,2";
				TEST_HOST = "$(BUILT_PRODUCTS_DIR)/ToDo List.app/ToDo List";
			};
			name = Debug;
		};
		852F0CA2286B4D5F00EB1091 /* Release */ = {
			isa = XCBuildConfiguration;
			buildSettings = {
				ALWAYS_EMBED_SWIFT_STANDARD_LIBRARIES = YES;
				BUNDLE_LOADER = "$(TEST_HOST)";
				CODE_SIGN_STYLE = Automatic;
				CURRENT_PROJECT_VERSION = 1;
				GENERATE_INFOPLIST_FILE = YES;
				IPHONEOS_DEPLOYMENT_TARGET = 15.5;
				MARKETING_VERSION = 1.0;
				PRODUCT_BUNDLE_IDENTIFIER = "kwk.ToDo-ListTests";
				PRODUCT_NAME = "$(TARGET_NAME)";
				SWIFT_EMIT_LOC_STRINGS = NO;
				SWIFT_VERSION = 5.0;
				TARGETED_DEVICE_FAMILY = "1,2";
				TEST_HOST = "$(BUILT_PRODUCTS_DIR)/ToDo List.app/ToDo List";
			};
			name = Release;
		};
		852F0CA4286B4D5F00EB1091 /* Debug */ = {
			isa = XCBuildConfiguration;
			buildSettings = {
				ALWAYS_EMBED_SWIFT_STANDARD_LIBRARIES = YES;
				CODE_SIGN_STYLE = Automatic;
				CURRENT_PROJECT_VERSION = 1;
				GENERATE_INFOPLIST_FILE = YES;
				MARKETING_VERSION = 1.0;
				PRODUCT_BUNDLE_IDENTIFIER = "kwk.ToDo-ListUITests";
				PRODUCT_NAME = "$(TARGET_NAME)";
				SWIFT_EMIT_LOC_STRINGS = NO;
				SWIFT_VERSION = 5.0;
				TARGETED_DEVICE_FAMILY = "1,2";
				TEST_TARGET_NAME = "ToDo List";
			};
			name = Debug;
		};
		852F0CA5286B4D5F00EB1091 /* Release */ = {
			isa = XCBuildConfiguration;
			buildSettings = {
				ALWAYS_EMBED_SWIFT_STANDARD_LIBRARIES = YES;
				CODE_SIGN_STYLE = Automatic;
				CURRENT_PROJECT_VERSION = 1;
				GENERATE_INFOPLIST_FILE = YES;
				MARKETING_VERSION = 1.0;
				PRODUCT_BUNDLE_IDENTIFIER = "kwk.ToDo-ListUITests";
				PRODUCT_NAME = "$(TARGET_NAME)";
				SWIFT_EMIT_LOC_STRINGS = NO;
				SWIFT_VERSION = 5.0;
				TARGETED_DEVICE_FAMILY = "1,2";
				TEST_TARGET_NAME = "ToDo List";
			};
			name = Release;
		};
/* End XCBuildConfiguration section */

/* Begin XCConfigurationList section */
		852F0C6B286B4D5C00EB1091 /* Build configuration list for PBXProject "ToDo List" */ = {
			isa = XCConfigurationList;
			buildConfigurations = (
				852F0C9B286B4D5F00EB1091 /* Debug */,
				852F0C9C286B4D5F00EB1091 /* Release */,
			);
			defaultConfigurationIsVisible = 0;
			defaultConfigurationName = Release;
		};
		852F0C9D286B4D5F00EB1091 /* Build configuration list for PBXNativeTarget "ToDo List" */ = {
			isa = XCConfigurationList;
			buildConfigurations = (
				852F0C9E286B4D5F00EB1091 /* Debug */,
				852F0C9F286B4D5F00EB1091 /* Release */,
			);
			defaultConfigurationIsVisible = 0;
			defaultConfigurationName = Release;
		};
		852F0CA0286B4D5F00EB1091 /* Build configuration list for PBXNativeTarget "ToDo ListTests" */ = {
			isa = XCConfigurationList;
			buildConfigurations = (
				852F0CA1286B4D5F00EB1091 /* Debug */,
				852F0CA2286B4D5F00EB1091 /* Release */,
			);
			defaultConfigurationIsVisible = 0;
			defaultConfigurationName = Release;
		};
		852F0CA3286B4D5F00EB1091 /* Build configuration list for PBXNativeTarget "ToDo ListUITests" */ = {
			isa = XCConfigurationList;
			buildConfigurations = (
				852F0CA4286B4D5F00EB1091 /* Debug */,
				852F0CA5286B4D5F00EB1091 /* Release */,
			);
			defaultConfigurationIsVisible = 0;
			defaultConfigurationName = Release;
		};
/* End XCConfigurationList section */

/* Begin XCVersionGroup section */
		852F0C7C286B4D5C00EB1091 /* ToDo_List.xcdatamodeld */ = {
			isa = XCVersionGroup;
			children = (
				852F0C7D286B4D5C00EB1091 /* ToDo_List.xcdatamodel */,
			);
			currentVersion = 852F0C7D286B4D5C00EB1091 /* ToDo_List.xcdatamodel */;
			path = ToDo_List.xcdatamodeld;
			sourceTree = "<group>";
			versionGroupType = wrapper.xcdatamodel;
		};
/* End XCVersionGroup section */
	};
	rootObject = 852F0C68286B4D5C00EB1091 /* Project object */;
}
